
Microsoft Visual Studio Solution File, Format Version 12.00
# Visual Studio Version 17
VisualStudioVersion = 17.14.36429.23 d17.14
MinimumVisualStudioVersion = 10.0.40219.1
Project("{FAE04EC0-301F-11D3-BF4B-00C04F79EFBC}") = "dotnet-mvc-first-app", "dotnet-mvc-first-app.csproj", "{36EEEFC9-B8B4-43A9-BDED-A19B0FB7C3F2}"
EndProject
Global
	GlobalSection(SolutionConfigurationPlatforms) = preSolution
		Debug|Any CPU = Debug|Any CPU
		Release|Any CPU = Release|Any CPU
	EndGlobalSection
	GlobalSection(ProjectConfigurationPlatforms) = postSolution
		{36EEEFC9-B8B4-43A9-BDED-A19B0FB7C3F2}.Debug|Any CPU.ActiveCfg = Debug|Any CPU
		{36EEEFC9-B8B4-43A9-BDED-A19B0FB7C3F2}.Debug|Any CPU.Build.0 = Debug|Any CPU
		{36EEEFC9-B8B4-43A9-BDED-A19B0FB7C3F2}.Release|Any CPU.ActiveCfg = Release|Any CPU
		{36EEEFC9-B8B4-43A9-BDED-A19B0FB7C3F2}.Release|Any CPU.Build.0 = Release|Any CPU
	EndGlobalSection
	GlobalSection(SolutionProperties) = preSolution
		HideSolutionNode = FALSE
	EndGlobalSection
	GlobalSection(ExtensibilityGlobals) = postSolution
		SolutionGuid = {5E6B4CD3-8B2D-48A6-9E03-44A70A038D9F}
	EndGlobalSection
EndGlobal
